
Microsoft Visual Studio Solution File, Format Version 12.00
# Visual Studio Version 16
VisualStudioVersion = 16.0.31613.86
MinimumVisualStudioVersion = 10.0.40219.1
Project("{FAE04EC0-301F-11D3-BF4B-00C04F79EFBC}") = "Timing", "Timing\Timing.csproj", "{39285BDE-CA24-46E2-8C2E-470E4C7A6768}"
EndProject
Global
	GlobalSection(SolutionConfigurationPlatforms) = preSolution
		Debug|Any CPU = Debug|Any CPU
		Release|Any CPU = Release|Any CPU
	EndGlobalSection
	GlobalSection(ProjectConfigurationPlatforms) = postSolution
		{39285BDE-CA24-46E2-8C2E-470E4C7A6768}.Debug|Any CPU.ActiveCfg = Debug|Any CPU
		{39285BDE-CA24-46E2-8C2E-470E4C7A6768}.Debug|Any CPU.Build.0 = Debug|Any CPU
		{39285BDE-CA24-46E2-8C2E-470E4C7A6768}.Release|Any CPU.ActiveCfg = Release|Any CPU
		{39285BDE-CA24-46E2-8C2E-470E4C7A6768}.Release|Any CPU.Build.0 = Release|Any CPU
	EndGlobalSection
	GlobalSection(SolutionProperties) = preSolution
		HideSolutionNode = FALSE
	EndGlobalSection
	GlobalSection(ExtensibilityGlobals) = postSolution
		SolutionGuid = {8FA74CD5-617F-4FDC-8AA8-A168F3A6E00C}
	EndGlobalSection
EndGlobal
